// !$*UTF8*$!
{
	archiveVersion = 1;
	classes = {
	};
	objectVersion = 46;
	objects = {

/* Begin PBXBuildFile section */
		210435A16096F345F61B5ACB /* Pods_PebbleSMS.framework in Frameworks */ = {isa = PBXBuildFile; fileRef = E4C588560B4331D0DBB9EB12 /* Pods_PebbleSMS.framework */; };
		BCDEC4CA1C62FCE60055F366 /* AppDelegate.swift in Sources */ = {isa = PBXBuildFile; fileRef = BCDEC4C91C62FCE60055F366 /* AppDelegate.swift */; };
		BCDEC4CC1C62FCE60055F366 /* ViewController.swift in Sources */ = {isa = PBXBuildFile; fileRef = BCDEC4CB1C62FCE60055F366 /* ViewController.swift */; };
		BCDEC4D11C62FCE60055F366 /* Assets.xcassets in Resources */ = {isa = PBXBuildFile; fileRef = BCDEC4D01C62FCE60055F366 /* Assets.xcassets */; };
		BCDEC4D41C62FCE60055F366 /* LaunchScreen.storyboard in Resources */ = {isa = PBXBuildFile; fileRef = BCDEC4D21C62FCE60055F366 /* LaunchScreen.storyboard */; };
		BCDEC4DF1C62FCE60055F366 /* PebbleSMSTests.swift in Sources */ = {isa = PBXBuildFile; fileRef = BCDEC4DE1C62FCE60055F366 /* PebbleSMSTests.swift */; };
		BCDEC4EA1C62FCE60055F366 /* PebbleSMSUITests.swift in Sources */ = {isa = PBXBuildFile; fileRef = BCDEC4E91C62FCE60055F366 /* PebbleSMSUITests.swift */; };
		BCE10B4F1C63D0E5002E2BD1 /* ContactsHandler.swift in Sources */ = {isa = PBXBuildFile; fileRef = BCE10B4E1C63D0E5002E2BD1 /* ContactsHandler.swift */; };
		BCE10B511C63DA3F002E2BD1 /* CoreTelephony.framework in Frameworks */ = {isa = PBXBuildFile; fileRef = BCE10B501C63DA3F002E2BD1 /* CoreTelephony.framework */; };
/* End PBXBuildFile section */

/* Begin PBXContainerItemProxy section */
		BCDEC4DB1C62FCE60055F366 /* PBXContainerItemProxy */ = {
			isa = PBXContainerItemProxy;
			containerPortal = BCDEC4BE1C62FCE60055F366 /* Project object */;
			proxyType = 1;
			remoteGlobalIDString = BCDEC4C51C62FCE60055F366;
			remoteInfo = PebbleSMS;
		};
		BCDEC4E61C62FCE60055F366 /* PBXContainerItemProxy */ = {
			isa = PBXContainerItemProxy;
			containerPortal = BCDEC4BE1C62FCE60055F366 /* Project object */;
			proxyType = 1;
			remoteGlobalIDString = BCDEC4C51C62FCE60055F366;
			remoteInfo = PebbleSMS;
		};
/* End PBXContainerItemProxy section */

/* Begin PBXFileReference section */
		407E94AF2ED30D622F9E8D26 /* Pods-PebbleSMS.release.xcconfig */ = {isa = PBXFileReference; includeInIndex = 1; lastKnownFileType = text.xcconfig; name = "Pods-PebbleSMS.release.xcconfig"; path = "Pods/Target Support Files/Pods-PebbleSMS/Pods-PebbleSMS.release.xcconfig"; sourceTree = "<group>"; };
		7DB9D19D2BD3B6245AC9122A /* Pods-PebbleSMS.debug.xcconfig */ = {isa = PBXFileReference; includeInIndex = 1; lastKnownFileType = text.xcconfig; name = "Pods-PebbleSMS.debug.xcconfig"; path = "Pods/Target Support Files/Pods-PebbleSMS/Pods-PebbleSMS.debug.xcconfig"; sourceTree = "<group>"; };
		BCDEC4C61C62FCE60055F366 /* PebbleSMS.app */ = {isa = PBXFileReference; explicitFileType = wrapper.application; includeInIndex = 0; path = PebbleSMS.app; sourceTree = BUILT_PRODUCTS_DIR; };
		BCDEC4C91C62FCE60055F366 /* AppDelegate.swift */ = {isa = PBXFileReference; lastKnownFileType = sourcecode.swift; path = AppDelegate.swift; sourceTree = "<group>"; };
		BCDEC4CB1C62FCE60055F366 /* ViewController.swift */ = {isa = PBXFileReference; lastKnownFileType = sourcecode.swift; path = ViewController.swift; sourceTree = "<group>"; };
		BCDEC4D01C62FCE60055F366 /* Assets.xcassets */ = {isa = PBXFileReference; lastKnownFileType = folder.assetcatalog; path = Assets.xcassets; sourceTree = "<group>"; };
		BCDEC4D31C62FCE60055F366 /* Base */ = {isa = PBXFileReference; lastKnownFileType = file.storyboard; name = Base; path = Base.lproj/LaunchScreen.storyboard; sourceTree = "<group>"; };
		BCDEC4D51C62FCE60055F366 /* Info.plist */ = {isa = PBXFileReference; lastKnownFileType = text.plist.xml; path = Info.plist; sourceTree = "<group>"; };
		BCDEC4DA1C62FCE60055F366 /* PebbleSMSTests.xctest */ = {isa = PBXFileReference; explicitFileType = wrapper.cfbundle; includeInIndex = 0; path = PebbleSMSTests.xctest; sourceTree = BUILT_PRODUCTS_DIR; };
		BCDEC4DE1C62FCE60055F366 /* PebbleSMSTests.swift */ = {isa = PBXFileReference; lastKnownFileType = sourcecode.swift; path = PebbleSMSTests.swift; sourceTree = "<group>"; };
		BCDEC4E01C62FCE60055F366 /* Info.plist */ = {isa = PBXFileReference; lastKnownFileType = text.plist.xml; path = Info.plist; sourceTree = "<group>"; };
		BCDEC4E51C62FCE60055F366 /* PebbleSMSUITests.xctest */ = {isa = PBXFileReference; explicitFileType = wrapper.cfbundle; includeInIndex = 0; path = PebbleSMSUITests.xctest; sourceTree = BUILT_PRODUCTS_DIR; };
		BCDEC4E91C62FCE60055F366 /* PebbleSMSUITests.swift */ = {isa = PBXFileReference; lastKnownFileType = sourcecode.swift; path = PebbleSMSUITests.swift; sourceTree = "<group>"; };
		BCDEC4EB1C62FCE60055F366 /* Info.plist */ = {isa = PBXFileReference; lastKnownFileType = text.plist.xml; path = Info.plist; sourceTree = "<group>"; };
		BCE10B4E1C63D0E5002E2BD1 /* ContactsHandler.swift */ = {isa = PBXFileReference; fileEncoding = 4; lastKnownFileType = sourcecode.swift; path = ContactsHandler.swift; sourceTree = "<group>"; };
		BCE10B501C63DA3F002E2BD1 /* CoreTelephony.framework */ = {isa = PBXFileReference; lastKnownFileType = wrapper.framework; name = CoreTelephony.framework; path = System/Library/Frameworks/CoreTelephony.framework; sourceTree = SDKROOT; };
		E4C588560B4331D0DBB9EB12 /* Pods_PebbleSMS.framework */ = {isa = PBXFileReference; explicitFileType = wrapper.framework; includeInIndex = 0; path = Pods_PebbleSMS.framework; sourceTree = BUILT_PRODUCTS_DIR; };
/* End PBXFileReference section */

/* Begin PBXFrameworksBuildPhase section */
		BCDEC4C31C62FCE60055F366 /* Frameworks */ = {
			isa = PBXFrameworksBuildPhase;
			buildActionMask = 2147483647;
			files = (
				BCE10B511C63DA3F002E2BD1 /* CoreTelephony.framework in Frameworks */,
				210435A16096F345F61B5ACB /* Pods_PebbleSMS.framework in Frameworks */,
			);
			runOnlyForDeploymentPostprocessing = 0;
		};
		BCDEC4D71C62FCE60055F366 /* Frameworks */ = {
			isa = PBXFrameworksBuildPhase;
			buildActionMask = 2147483647;
			files = (
			);
			runOnlyForDeploymentPostprocessing = 0;
		};
		BCDEC4E21C62FCE60055F366 /* Frameworks */ = {
			isa = PBXFrameworksBuildPhase;
			buildActionMask = 2147483647;
			files = (
			);
			runOnlyForDeploymentPostprocessing = 0;
		};
/* End PBXFrameworksBuildPhase section */

/* Begin PBXGroup section */
		7E1E8060120F536C52E75597 /* Pods */ = {
			isa = PBXGroup;
			children = (
				7DB9D19D2BD3B6245AC9122A /* Pods-PebbleSMS.debug.xcconfig */,
				407E94AF2ED30D622F9E8D26 /* Pods-PebbleSMS.release.xcconfig */,
			);
			name = Pods;
			sourceTree = "<group>";
		};
		BCDEC4BD1C62FCE60055F366 = {
			isa = PBXGroup;
			children = (
				BCDEC4C81C62FCE60055F366 /* PebbleSMS */,
				BCDEC4DD1C62FCE60055F366 /* PebbleSMSTests */,
				BCDEC4E81C62FCE60055F366 /* PebbleSMSUITests */,
				BCDEC4C71C62FCE60055F366 /* Products */,
				7E1E8060120F536C52E75597 /* Pods */,
				C2DF9A75745E28EA28A0B1F2 /* Frameworks */,
			);
			sourceTree = "<group>";
		};
		BCDEC4C71C62FCE60055F366 /* Products */ = {
			isa = PBXGroup;
			children = (
				BCDEC4C61C62FCE60055F366 /* PebbleSMS.app */,
				BCDEC4DA1C62FCE60055F366 /* PebbleSMSTests.xctest */,
				BCDEC4E51C62FCE60055F366 /* PebbleSMSUITests.xctest */,
			);
			name = Products;
			sourceTree = "<group>";
		};
		BCDEC4C81C62FCE60055F366 /* PebbleSMS */ = {
			isa = PBXGroup;
			children = (
				BCDEC4C91C62FCE60055F366 /* AppDelegate.swift */,
				BCDEC4CB1C62FCE60055F366 /* ViewController.swift */,
				BCDEC4D01C62FCE60055F366 /* Assets.xcassets */,
				BCDEC4D21C62FCE60055F366 /* LaunchScreen.storyboard */,
				BCDEC4D51C62FCE60055F366 /* Info.plist */,
				BCE10B4E1C63D0E5002E2BD1 /* ContactsHandler.swift */,
			);
			path = PebbleSMS;
			sourceTree = "<group>";
		};
		BCDEC4DD1C62FCE60055F366 /* PebbleSMSTests */ = {
			isa = PBXGroup;
			children = (
				BCDEC4DE1C62FCE60055F366 /* PebbleSMSTests.swift */,
				BCDEC4E01C62FCE60055F366 /* Info.plist */,
			);
			path = PebbleSMSTests;
			sourceTree = "<group>";
		};
		BCDEC4E81C62FCE60055F366 /* PebbleSMSUITests */ = {
			isa = PBXGroup;
			children = (
				BCDEC4E91C62FCE60055F366 /* PebbleSMSUITests.swift */,
				BCDEC4EB1C62FCE60055F366 /* Info.plist */,
			);
			path = PebbleSMSUITests;
			sourceTree = "<group>";
		};
		C2DF9A75745E28EA28A0B1F2 /* Frameworks */ = {
			isa = PBXGroup;
			children = (
				BCE10B501C63DA3F002E2BD1 /* CoreTelephony.framework */,
				E4C588560B4331D0DBB9EB12 /* Pods_PebbleSMS.framework */,
			);
			name = Frameworks;
			sourceTree = "<group>";
		};
/* End PBXGroup section */

/* Begin PBXNativeTarget section */
		BCDEC4C51C62FCE60055F366 /* PebbleSMS */ = {
			isa = PBXNativeTarget;
			buildConfigurationList = BCDEC4EE1C62FCE60055F366 /* Build configuration list for PBXNativeTarget "PebbleSMS" */;
			buildPhases = (
				9D064611AA63A97A23E2488B /* Check Pods Manifest.lock */,
				BCDEC4C21C62FCE60055F366 /* Sources */,
				BCDEC4C31C62FCE60055F366 /* Frameworks */,
				BCDEC4C41C62FCE60055F366 /* Resources */,
				7E599BB1FB152E539BCCECB7 /* Embed Pods Frameworks */,
				F31BAB6EA294656E864B1A61 /* Copy Pods Resources */,
			);
			buildRules = (
			);
			dependencies = (
			);
			name = PebbleSMS;
			productName = PebbleSMS;
			productReference = BCDEC4C61C62FCE60055F366 /* PebbleSMS.app */;
			productType = "com.apple.product-type.application";
		};
		BCDEC4D91C62FCE60055F366 /* PebbleSMSTests */ = {
			isa = PBXNativeTarget;
			buildConfigurationList = BCDEC4F11C62FCE60055F366 /* Build configuration list for PBXNativeTarget "PebbleSMSTests" */;
			buildPhases = (
				BCDEC4D61C62FCE60055F366 /* Sources */,
				BCDEC4D71C62FCE60055F366 /* Frameworks */,
				BCDEC4D81C62FCE60055F366 /* Resources */,
			);
			buildRules = (
			);
			dependencies = (
				BCDEC4DC1C62FCE60055F366 /* PBXTargetDependency */,
			);
			name = PebbleSMSTests;
			productName = PebbleSMSTests;
			productReference = BCDEC4DA1C62FCE60055F366 /* PebbleSMSTests.xctest */;
			productType = "com.apple.product-type.bundle.unit-test";
		};
		BCDEC4E41C62FCE60055F366 /* PebbleSMSUITests */ = {
			isa = PBXNativeTarget;
			buildConfigurationList = BCDEC4F41C62FCE60055F366 /* Build configuration list for PBXNativeTarget "PebbleSMSUITests" */;
			buildPhases = (
				BCDEC4E11C62FCE60055F366 /* Sources */,
				BCDEC4E21C62FCE60055F366 /* Frameworks */,
				BCDEC4E31C62FCE60055F366 /* Resources */,
			);
			buildRules = (
			);
			dependencies = (
				BCDEC4E71C62FCE60055F366 /* PBXTargetDependency */,
			);
			name = PebbleSMSUITests;
			productName = PebbleSMSUITests;
			productReference = BCDEC4E51C62FCE60055F366 /* PebbleSMSUITests.xctest */;
			productType = "com.apple.product-type.bundle.ui-testing";
		};
/* End PBXNativeTarget section */

/* Begin PBXProject section */
		BCDEC4BE1C62FCE60055F366 /* Project object */ = {
			isa = PBXProject;
			attributes = {
				LastSwiftUpdateCheck = 0720;
				LastUpgradeCheck = 0720;
				ORGANIZATIONNAME = "Sawyer Vaughan";
				TargetAttributes = {
					BCDEC4C51C62FCE60055F366 = {
						CreatedOnToolsVersion = 7.2;
					};
					BCDEC4D91C62FCE60055F366 = {
						CreatedOnToolsVersion = 7.2;
						TestTargetID = BCDEC4C51C62FCE60055F366;
					};
					BCDEC4E41C62FCE60055F366 = {
						CreatedOnToolsVersion = 7.2;
						TestTargetID = BCDEC4C51C62FCE60055F366;
					};
				};
			};
			buildConfigurationList = BCDEC4C11C62FCE60055F366 /* Build configuration list for PBXProject "PebbleSMS" */;
			compatibilityVersion = "Xcode 3.2";
			developmentRegion = English;
			hasScannedForEncodings = 0;
			knownRegions = (
				en,
				Base,
			);
			mainGroup = BCDEC4BD1C62FCE60055F366;
			productRefGroup = BCDEC4C71C62FCE60055F366 /* Products */;
			projectDirPath = "";
			projectRoot = "";
			targets = (
				BCDEC4C51C62FCE60055F366 /* PebbleSMS */,
				BCDEC4D91C62FCE60055F366 /* PebbleSMSTests */,
				BCDEC4E41C62FCE60055F366 /* PebbleSMSUITests */,
			);
		};
/* End PBXProject section */

/* Begin PBXResourcesBuildPhase section */
		BCDEC4C41C62FCE60055F366 /* Resources */ = {
			isa = PBXResourcesBuildPhase;
			buildActionMask = 2147483647;
			files = (
				BCDEC4D41C62FCE60055F366 /* LaunchScreen.storyboard in Resources */,
				BCDEC4D11C62FCE60055F366 /* Assets.xcassets in Resources */,
			);
			runOnlyForDeploymentPostprocessing = 0;
		};
		BCDEC4D81C62FCE60055F366 /* Resources */ = {
			isa = PBXResourcesBuildPhase;
			buildActionMask = 2147483647;
			files = (
			);
			runOnlyForDeploymentPostprocessing = 0;
		};
		BCDEC4E31C62FCE60055F366 /* Resources */ = {
			isa = PBXResourcesBuildPhase;
			buildActionMask = 2147483647;
			files = (
			);
			runOnlyForDeploymentPostprocessing = 0;
		};
/* End PBXResourcesBuildPhase section */

/* Begin PBXShellScriptBuildPhase section */
		7E599BB1FB152E539BCCECB7 /* Embed Pods Frameworks */ = {
			isa = PBXShellScriptBuildPhase;
			buildActionMask = 2147483647;
			files = (
			);
			inputPaths = (
			);
			name = "Embed Pods Frameworks";
			outputPaths = (
			);
			runOnlyForDeploymentPostprocessing = 0;
			shellPath = /bin/sh;
			shellScript = "\"${SRCROOT}/Pods/Target Support Files/Pods-PebbleSMS/Pods-PebbleSMS-frameworks.sh\"\n";
			showEnvVarsInLog = 0;
		};
		9D064611AA63A97A23E2488B /* Check Pods Manifest.lock */ = {
			isa = PBXShellScriptBuildPhase;
			buildActionMask = 2147483647;
			files = (
			);
			inputPaths = (
			);
			name = "Check Pods Manifest.lock";
			outputPaths = (
			);
			runOnlyForDeploymentPostprocessing = 0;
			shellPath = /bin/sh;
			shellScript = "diff \"${PODS_ROOT}/../Podfile.lock\" \"${PODS_ROOT}/Manifest.lock\" > /dev/null\nif [[ $? != 0 ]] ; then\n    cat << EOM\nerror: The sandbox is not in sync with the Podfile.lock. Run 'pod install' or update your CocoaPods installation.\nEOM\n    exit 1\nfi\n";
			showEnvVarsInLog = 0;
		};
		F31BAB6EA294656E864B1A61 /* Copy Pods Resources */ = {
			isa = PBXShellScriptBuildPhase;
			buildActionMask = 2147483647;
			files = (
			);
			inputPaths = (
			);
			name = "Copy Pods Resources";
			outputPaths = (
			);
			runOnlyForDeploymentPostprocessing = 0;
			shellPath = /bin/sh;
			shellScript = "\"${SRCROOT}/Pods/Target Support Files/Pods-PebbleSMS/Pods-PebbleSMS-resources.sh\"\n";
			showEnvVarsInLog = 0;
		};
/* End PBXShellScriptBuildPhase section */

/* Begin PBXSourcesBuildPhase section */
		BCDEC4C21C62FCE60055F366 /* Sources */ = {
			isa = PBXSourcesBuildPhase;
			buildActionMask = 2147483647;
			files = (
				BCDEC4CC1C62FCE60055F366 /* ViewController.swift in Sources */,
				BCDEC4CA1C62FCE60055F366 /* AppDelegate.swift in Sources */,
				BCE10B4F1C63D0E5002E2BD1 /* ContactsHandler.swift in Sources */,
			);
			runOnlyForDeploymentPostprocessing = 0;
		};
		BCDEC4D61C62FCE60055F366 /* Sources */ = {
			isa = PBXSourcesBuildPhase;
			buildActionMask = 2147483647;
			files = (
				BCDEC4DF1C62FCE60055F366 /* PebbleSMSTests.swift in Sources */,
			);
			runOnlyForDeploymentPostprocessing = 0;
		};
		BCDEC4E11C62FCE60055F366 /* Sources */ = {
			isa = PBXSourcesBuildPhase;
			buildActionMask = 2147483647;
			files = (
				BCDEC4EA1C62FCE60055F366 /* PebbleSMSUITests.swift in Sources */,
			);
			runOnlyForDeploymentPostprocessing = 0;
		};
/* End PBXSourcesBuildPhase section */

/* Begin PBXTargetDependency section */
		BCDEC4DC1C62FCE60055F366 /* PBXTargetDependency */ = {
			isa = PBXTargetDependency;
			target = BCDEC4C51C62FCE60055F366 /* PebbleSMS */;
			targetProxy = BCDEC4DB1C62FCE60055F366 /* PBXContainerItemProxy */;
		};
		BCDEC4E71C62FCE60055F366 /* PBXTargetDependency */ = {
			isa = PBXTargetDependency;
			target = BCDEC4C51C62FCE60055F366 /* PebbleSMS */;
			targetProxy = BCDEC4E61C62FCE60055F366 /* PBXContainerItemProxy */;
		};
/* End PBXTargetDependency section */

/* Begin PBXVariantGroup section */
		BCDEC4D21C62FCE60055F366 /* LaunchScreen.storyboard */ = {
			isa = PBXVariantGroup;
			children = (
				BCDEC4D31C62FCE60055F366 /* Base */,
			);
			name = LaunchScreen.storyboard;
			sourceTree = "<group>";
		};
/* End PBXVariantGroup section */

/* Begin XCBuildConfiguration section */
		BCDEC4EC1C62FCE60055F366 /* Debug */ = {
			isa = XCBuildConfiguration;
			buildSettings = {
				ALWAYS_SEARCH_USER_PATHS = NO;
				CLANG_CXX_LANGUAGE_STANDARD = "gnu++0x";
				CLANG_CXX_LIBRARY = "libc++";
				CLANG_ENABLE_MODULES = YES;
				CLANG_ENABLE_OBJC_ARC = YES;
				CLANG_WARN_BOOL_CONVERSION = YES;
				CLANG_WARN_CONSTANT_CONVERSION = YES;
				CLANG_WARN_DIRECT_OBJC_ISA_USAGE = YES_ERROR;
				CLANG_WARN_EMPTY_BODY = YES;
				CLANG_WARN_ENUM_CONVERSION = YES;
				CLANG_WARN_INT_CONVERSION = YES;
				CLANG_WARN_OBJC_ROOT_CLASS = YES_ERROR;
				CLANG_WARN_UNREACHABLE_CODE = YES;
				CLANG_WARN__DUPLICATE_METHOD_MATCH = YES;
				"CODE_SIGN_IDENTITY[sdk=iphoneos*]" = "iPhone Developer";
				COPY_PHASE_STRIP = NO;
				DEBUG_INFORMATION_FORMAT = dwarf;
				ENABLE_STRICT_OBJC_MSGSEND = YES;
				ENABLE_TESTABILITY = YES;
				GCC_C_LANGUAGE_STANDARD = gnu99;
				GCC_DYNAMIC_NO_PIC = NO;
				GCC_NO_COMMON_BLOCKS = YES;
				GCC_OPTIMIZATION_LEVEL = 0;
				GCC_PREPROCESSOR_DEFINITIONS = (
					"DEBUG=1",
					"$(inherited)",
				);
				GCC_WARN_64_TO_32_BIT_CONVERSION = YES;
				GCC_WARN_ABOUT_RETURN_TYPE = YES_ERROR;
				GCC_WARN_UNDECLARED_SELECTOR = YES;
				GCC_WARN_UNINITIALIZED_AUTOS = YES_AGGRESSIVE;
				GCC_WARN_UNUSED_FUNCTION = YES;
				GCC_WARN_UNUSED_VARIABLE = YES;
				IPHONEOS_DEPLOYMENT_TARGET = 9.2;
				MTL_ENABLE_DEBUG_INFO = YES;
				ONLY_ACTIVE_ARCH = YES;
				SDKROOT = iphoneos;
				SWIFT_OPTIMIZATION_LEVEL = "-Onone";
				TARGETED_DEVICE_FAMILY = "1,2";
			};
			name = Debug;
		};
		BCDEC4ED1C62FCE60055F366 /* Release */ = {
			isa = XCBuildConfiguration;
			buildSettings = {
				ALWAYS_SEARCH_USER_PATHS = NO;
				CLANG_CXX_LANGUAGE_STANDARD = "gnu++0x";
				CLANG_CXX_LIBRARY = "libc++";
				CLANG_ENABLE_MODULES = YES;
				CLANG_ENABLE_OBJC_ARC = YES;
				CLANG_WARN_BOOL_CONVERSION = YES;
				CLANG_WARN_CONSTANT_CONVERSION = YES;
				CLANG_WARN_DIRECT_OBJC_ISA_USAGE = YES_ERROR;
				CLANG_WARN_EMPTY_BODY = YES;
				CLANG_WARN_ENUM_CONVERSION = YES;
				CLANG_WARN_INT_CONVERSION = YES;
				CLANG_WARN_OBJC_ROOT_CLASS = YES_ERROR;
				CLANG_WARN_UNREACHABLE_CODE = YES;
				CLANG_WARN__DUPLICATE_METHOD_MATCH = YES;
				"CODE_SIGN_IDENTITY[sdk=iphoneos*]" = "iPhone Developer";
				COPY_PHASE_STRIP = NO;
				DEBUG_INFORMATION_FORMAT = "dwarf-with-dsym";
				ENABLE_NS_ASSERTIONS = NO;
				ENABLE_STRICT_OBJC_MSGSEND = YES;
				GCC_C_LANGUAGE_STANDARD = gnu99;
				GCC_NO_COMMON_BLOCKS = YES;
				GCC_WARN_64_TO_32_BIT_CONVERSION = YES;
				GCC_WARN_ABOUT_RETURN_TYPE = YES_ERROR;
				GCC_WARN_UNDECLARED_SELECTOR = YES;
				GCC_WARN_UNINITIALIZED_AUTOS = YES_AGGRESSIVE;
				GCC_WARN_UNUSED_FUNCTION = YES;
				GCC_WARN_UNUSED_VARIABLE = YES;
				IPHONEOS_DEPLOYMENT_TARGET = 9.2;
				MTL_ENABLE_DEBUG_INFO = NO;
				SDKROOT = iphoneos;
				TARGETED_DEVICE_FAMILY = "1,2";
				VALIDATE_PRODUCT = YES;
			};
			name = Release;
		};
		BCDEC4EF1C62FCE60055F366 /* Debug */ = {
			isa = XCBuildConfiguration;
			baseConfigurationReference = 7DB9D19D2BD3B6245AC9122A /* Pods-PebbleSMS.debug.xcconfig */;
			buildSettings = {
				ASSETCATALOG_COMPILER_APPICON_NAME = AppIcon;
				INFOPLIST_FILE = PebbleSMS/Info.plist;
				IPHONEOS_DEPLOYMENT_TARGET = 9.0;
				LD_RUNPATH_SEARCH_PATHS = "$(inherited) @executable_path/Frameworks";
				PRODUCT_BUNDLE_IDENTIFIER = com.sawyervaughan.PebbleSMS;
				PRODUCT_NAME = "$(TARGET_NAME)";
			};
			name = Debug;
		};
		BCDEC4F01C62FCE60055F366 /* Release */ = {
			isa = XCBuildConfiguration;
			baseConfigurationReference = 407E94AF2ED30D622F9E8D26 /* Pods-PebbleSMS.release.xcconfig */;
			buildSettings = {
				ASSETCATALOG_COMPILER_APPICON_NAME = AppIcon;
				INFOPLIST_FILE = PebbleSMS/Info.plist;
				IPHONEOS_DEPLOYMENT_TARGET = 9.0;
				LD_RUNPATH_SEARCH_PATHS = "$(inherited) @executable_path/Frameworks";
				PRODUCT_BUNDLE_IDENTIFIER = com.sawyervaughan.PebbleSMS;
				PRODUCT_NAME = "$(TARGET_NAME)";
			};
			name = Release;
		};
		BCDEC4F21C62FCE60055F366 /* Debug */ = {
			isa = XCBuildConfiguration;
			buildSettings = {
				BUNDLE_LOADER = "$(TEST_HOST)";
				INFOPLIST_FILE = PebbleSMSTests/Info.plist;
				LD_RUNPATH_SEARCH_PATHS = "$(inherited) @executable_path/Frameworks @loader_path/Frameworks";
				PRODUCT_BUNDLE_IDENTIFIER = com.sawyervaughan.PebbleSMSTests;
				PRODUCT_NAME = "$(TARGET_NAME)";
				TEST_HOST = "$(BUILT_PRODUCTS_DIR)/PebbleSMS.app/PebbleSMS";
			};
			name = Debug;
		};
		BCDEC4F31C62FCE60055F366 /* Release */ = {
			isa = XCBuildConfiguration;
			buildSettings = {
				BUNDLE_LOADER = "$(TEST_HOST)";
				INFOPLIST_FILE = PebbleSMSTests/Info.plist;
				LD_RUNPATH_SEARCH_PATHS = "$(inherited) @executable_path/Frameworks @loader_path/Frameworks";
				PRODUCT_BUNDLE_IDENTIFIER = com.sawyervaughan.PebbleSMSTests;
				PRODUCT_NAME = "$(TARGET_NAME)";
				TEST_HOST = "$(BUILT_PRODUCTS_DIR)/PebbleSMS.app/PebbleSMS";
			};
			name = Release;
		};
		BCDEC4F51C62FCE60055F366 /* Debug */ = {
			isa = XCBuildConfiguration;
			buildSettings = {
				INFOPLIST_FILE = PebbleSMSUITests/Info.plist;
				LD_RUNPATH_SEARCH_PATHS = "$(inherited) @executable_path/Frameworks @loader_path/Frameworks";
				PRODUCT_BUNDLE_IDENTIFIER = com.sawyervaughan.PebbleSMSUITests;
				PRODUCT_NAME = "$(TARGET_NAME)";
				TEST_TARGET_NAME = PebbleSMS;
				USES_XCTRUNNER = YES;
			};
			name = Debug;
		};
		BCDEC4F61C62FCE60055F366 /* Release */ = {
			isa = XCBuildConfiguration;
			buildSettings = {
				INFOPLIST_FILE = PebbleSMSUITests/Info.plist;
				LD_RUNPATH_SEARCH_PATHS = "$(inherited) @executable_path/Frameworks @loader_path/Frameworks";
				PRODUCT_BUNDLE_IDENTIFIER = com.sawyervaughan.PebbleSMSUITests;
				PRODUCT_NAME = "$(TARGET_NAME)";
				TEST_TARGET_NAME = PebbleSMS;
				USES_XCTRUNNER = YES;
			};
			name = Release;
		};
/* End XCBuildConfiguration section */

/* Begin XCConfigurationList section */
		BCDEC4C11C62FCE60055F366 /* Build configuration list for PBXProject "PebbleSMS" */ = {
			isa = XCConfigurationList;
			buildConfigurations = (
				BCDEC4EC1C62FCE60055F366 /* Debug */,
				BCDEC4ED1C62FCE60055F366 /* Release */,
			);
			defaultConfigurationIsVisible = 0;
			defaultConfigurationName = Release;
		};
		BCDEC4EE1C62FCE60055F366 /* Build configuration list for PBXNativeTarget "PebbleSMS" */ = {
			isa = XCConfigurationList;
			buildConfigurations = (
				BCDEC4EF1C62FCE60055F366 /* Debug */,
				BCDEC4F01C62FCE60055F366 /* Release */,
			);
			defaultConfigurationIsVisible = 0;
			defaultConfigurationName = Release;
		};
		BCDEC4F11C62FCE60055F366 /* Build configuration list for PBXNativeTarget "PebbleSMSTests" */ = {
			isa = XCConfigurationList;
			buildConfigurations = (
				BCDEC4F21C62FCE60055F366 /* Debug */,
				BCDEC4F31C62FCE60055F366 /* Release */,
			);
			defaultConfigurationIsVisible = 0;
			defaultConfigurationName = Release;
		};
		BCDEC4F41C62FCE60055F366 /* Build configuration list for PBXNativeTarget "PebbleSMSUITests" */ = {
			isa = XCConfigurationList;
			buildConfigurations = (
				BCDEC4F51C62FCE60055F366 /* Debug */,
				BCDEC4F61C62FCE60055F366 /* Release */,
			);
			defaultConfigurationIsVisible = 0;
			defaultConfigurationName = Release;
		};
/* End XCConfigurationList section */
	};
	rootObject = BCDEC4BE1C62FCE60055F366 /* Project object */;
}
